
Microsoft Visual Studio Solution File, Format Version 12.00
# Visual Studio 15
VisualStudioVersion = 15.0.27428.2043
MinimumVisualStudioVersion = 10.0.40219.1
Project("{FAE04EC0-301F-11D3-BF4B-00C04F79EFBC}") = "ServiceBusMessageForwarder", "ServiceBusMessageForwarder.csproj", "{57B8529B-40A7-4538-B07C-A8D1A78554A7}"
EndProject
Project("{FAE04EC0-301F-11D3-BF4B-00C04F79EFBC}") = "ServiceBusMessageForwarder.IntegrationTests", "..\ServiceBusMessageForwarder.IntegrationTests\ServiceBusMessageForwarder.IntegrationTests.csproj", "{F98D6DDC-2CD6-4BE0-96FB-5BD3A958A4A4}"
EndProject
Global
	GlobalSection(SolutionConfigurationPlatforms) = preSolution
		Debug|Any CPU = Debug|Any CPU
		Release|Any CPU = Release|Any CPU
	EndGlobalSection
	GlobalSection(ProjectConfigurationPlatforms) = postSolution
		{57B8529B-40A7-4538-B07C-A8D1A78554A7}.Debug|Any CPU.ActiveCfg = Debug|Any CPU
		{57B8529B-40A7-4538-B07C-A8D1A78554A7}.Debug|Any CPU.Build.0 = Debug|Any CPU
		{57B8529B-40A7-4538-B07C-A8D1A78554A7}.Release|Any CPU.ActiveCfg = Release|Any CPU
		{57B8529B-40A7-4538-B07C-A8D1A78554A7}.Release|Any CPU.Build.0 = Release|Any CPU
		{F98D6DDC-2CD6-4BE0-96FB-5BD3A958A4A4}.Debug|Any CPU.ActiveCfg = Debug|Any CPU
		{F98D6DDC-2CD6-4BE0-96FB-5BD3A958A4A4}.Debug|Any CPU.Build.0 = Debug|Any CPU
		{F98D6DDC-2CD6-4BE0-96FB-5BD3A958A4A4}.Release|Any CPU.ActiveCfg = Release|Any CPU
		{F98D6DDC-2CD6-4BE0-96FB-5BD3A958A4A4}.Release|Any CPU.Build.0 = Release|Any CPU
	EndGlobalSection
	GlobalSection(SolutionProperties) = preSolution
		HideSolutionNode = FALSE
	EndGlobalSection
	GlobalSection(ExtensibilityGlobals) = postSolution
		SolutionGuid = {9ECED8A9-886D-4A82-9C50-AF0D45C07B65}
	EndGlobalSection
EndGlobal
